
Microsoft Visual Studio Solution File, Format Version 12.00
# Visual Studio 15
Project("{FAE04EC0-301F-11D3-BF4B-00C04F79EFBC}") = "Assembly-CSharp", "Assembly-CSharp.csproj", "{974FD5D8-2732-D0CE-3F7F-E409138AA11F}"
EndProject
Project("{FAE04EC0-301F-11D3-BF4B-00C04F79EFBC}") = "Assembly-CSharp-Editor", "Assembly-CSharp-Editor.csproj", "{7108276A-6477-4C27-FE06-B862B2BCA491}"
EndProject
Global
	GlobalSection(SolutionConfigurationPlatforms) = preSolution
		Debug|Any CPU = Debug|Any CPU
		Release|Any CPU = Release|Any CPU
	EndGlobalSection
	GlobalSection(ProjectConfigurationPlatforms) = postSolution
		{974FD5D8-2732-D0CE-3F7F-E409138AA11F}.Debug|Any CPU.ActiveCfg = Debug|Any CPU
		{974FD5D8-2732-D0CE-3F7F-E409138AA11F}.Debug|Any CPU.Build.0 = Debug|Any CPU
		{974FD5D8-2732-D0CE-3F7F-E409138AA11F}.Release|Any CPU.ActiveCfg = Release|Any CPU
		{974FD5D8-2732-D0CE-3F7F-E409138AA11F}.Release|Any CPU.Build.0 = Release|Any CPU
		{7108276A-6477-4C27-FE06-B862B2BCA491}.Debug|Any CPU.ActiveCfg = Debug|Any CPU
		{7108276A-6477-4C27-FE06-B862B2BCA491}.Debug|Any CPU.Build.0 = Debug|Any CPU
		{7108276A-6477-4C27-FE06-B862B2BCA491}.Release|Any CPU.ActiveCfg = Release|Any CPU
		{7108276A-6477-4C27-FE06-B862B2BCA491}.Release|Any CPU.Build.0 = Release|Any CPU
	EndGlobalSection
	GlobalSection(SolutionProperties) = preSolution
		HideSolutionNode = FALSE
	EndGlobalSection
EndGlobal
